
Microsoft Visual Studio Solution File, Format Version 12.00
# Visual Studio 2012
Project("{FAE04EC0-301F-11D3-BF4B-00C04F79EFBC}") = "Calculator.Application", "Calculator.Application\Calculator.Application.csproj", "{FEA53005-A638-4765-9228-68769DD9892C}"
EndProject
Project("{FAE04EC0-301F-11D3-BF4B-00C04F79EFBC}") = "Calculator.Test", "Calculator.Test\Calculator.Test.csproj", "{C2F2B3BC-FFDC-4776-8C79-9EC40B4F8714}"
EndProject
Global
	GlobalSection(SolutionConfigurationPlatforms) = preSolution
		Debug|Any CPU = Debug|Any CPU
		Release|Any CPU = Release|Any CPU
	EndGlobalSection
	GlobalSection(ProjectConfigurationPlatforms) = postSolution
		{FEA53005-A638-4765-9228-68769DD9892C}.Debug|Any CPU.ActiveCfg = Debug|Any CPU
		{FEA53005-A638-4765-9228-68769DD9892C}.Debug|Any CPU.Build.0 = Debug|Any CPU
		{FEA53005-A638-4765-9228-68769DD9892C}.Release|Any CPU.ActiveCfg = Release|Any CPU
		{FEA53005-A638-4765-9228-68769DD9892C}.Release|Any CPU.Build.0 = Release|Any CPU
		{C2F2B3BC-FFDC-4776-8C79-9EC40B4F8714}.Debug|Any CPU.ActiveCfg = Debug|Any CPU
		{C2F2B3BC-FFDC-4776-8C79-9EC40B4F8714}.Debug|Any CPU.Build.0 = Debug|Any CPU
		{C2F2B3BC-FFDC-4776-8C79-9EC40B4F8714}.Release|Any CPU.ActiveCfg = Release|Any CPU
		{C2F2B3BC-FFDC-4776-8C79-9EC40B4F8714}.Release|Any CPU.Build.0 = Release|Any CPU
	EndGlobalSection
	GlobalSection(SolutionProperties) = preSolution
		HideSolutionNode = FALSE
	EndGlobalSection
EndGlobal
